
Microsoft Visual Studio Solution File, Format Version 12.00
# Visual Studio Version 17
VisualStudioVersion = 17.4.33213.308
MinimumVisualStudioVersion = 10.0.40219.1
Project("{2150E333-8FDC-42A3-9474-1A3956D46DE8}") = "Solution Items", "Solution Items", "{ED65EF24-E2D3-43AD-96B8-46BB63C465F8}"
	ProjectSection(SolutionItems) = preProject
		global.json = global.json
	EndProjectSection
EndProject
Project("{9A19103F-16F7-4668-BE54-9A1E7A4F7556}") = "DataAccess", "DataAccess\DataAccess.csproj", "{7473E87D-6665-436E-A1BA-27531A369E32}"
EndProject
Project("{9A19103F-16F7-4668-BE54-9A1E7A4F7556}") = "UI", "UI\UI.csproj", "{BCA4CFCF-824A-4EC1-A6A3-E15B3D7CFDEB}"
EndProject
Project("{FAE04EC0-301F-11D3-BF4B-00C04F79EFBC}") = "Core", "Core\Core.csproj", "{F0447226-A510-4621-8F7D-FE439116ABD9}"
EndProject
Global
	GlobalSection(SolutionConfigurationPlatforms) = preSolution
		Debug|Any CPU = Debug|Any CPU
		Release|Any CPU = Release|Any CPU
	EndGlobalSection
	GlobalSection(ProjectConfigurationPlatforms) = postSolution
		{7473E87D-6665-436E-A1BA-27531A369E32}.Debug|Any CPU.ActiveCfg = Debug|Any CPU
		{7473E87D-6665-436E-A1BA-27531A369E32}.Debug|Any CPU.Build.0 = Debug|Any CPU
		{7473E87D-6665-436E-A1BA-27531A369E32}.Release|Any CPU.ActiveCfg = Release|Any CPU
		{7473E87D-6665-436E-A1BA-27531A369E32}.Release|Any CPU.Build.0 = Release|Any CPU
		{BCA4CFCF-824A-4EC1-A6A3-E15B3D7CFDEB}.Debug|Any CPU.ActiveCfg = Debug|Any CPU
		{BCA4CFCF-824A-4EC1-A6A3-E15B3D7CFDEB}.Debug|Any CPU.Build.0 = Debug|Any CPU
		{BCA4CFCF-824A-4EC1-A6A3-E15B3D7CFDEB}.Release|Any CPU.ActiveCfg = Release|Any CPU
		{BCA4CFCF-824A-4EC1-A6A3-E15B3D7CFDEB}.Release|Any CPU.Build.0 = Release|Any CPU
		{F0447226-A510-4621-8F7D-FE439116ABD9}.Debug|Any CPU.ActiveCfg = Debug|Any CPU
		{F0447226-A510-4621-8F7D-FE439116ABD9}.Debug|Any CPU.Build.0 = Debug|Any CPU
		{F0447226-A510-4621-8F7D-FE439116ABD9}.Release|Any CPU.ActiveCfg = Release|Any CPU
		{F0447226-A510-4621-8F7D-FE439116ABD9}.Release|Any CPU.Build.0 = Release|Any CPU
	EndGlobalSection
	GlobalSection(SolutionProperties) = preSolution
		HideSolutionNode = FALSE
	EndGlobalSection
	GlobalSection(ExtensibilityGlobals) = postSolution
		SolutionGuid = {E3BCC473-12AF-42AD-9D04-5EA9F7C66D0A}
	EndGlobalSection
EndGlobal
